
Microsoft Visual Studio Solution File, Format Version 12.00
# Visual Studio 15
VisualStudioVersion = 15.0.28307.168
MinimumVisualStudioVersion = 10.0.40219.1
Project("{FAE04EC0-301F-11D3-BF4B-00C04F79EFBC}") = "PerlinkApiTestes", "PerlinkApiTest\PerlinkApiTestes.csproj", "{43327299-AF8E-4EDC-90F4-FD88C092CD33}"
EndProject
Project("{FAE04EC0-301F-11D3-BF4B-00C04F79EFBC}") = "PerlinkApi", "PerlinkApi\PerlinkApi.csproj", "{ECA95BCB-0BE3-4234-BEF4-1BF8D8652607}"
EndProject
Global
	GlobalSection(SolutionConfigurationPlatforms) = preSolution
		Debug|Any CPU = Debug|Any CPU
		Release|Any CPU = Release|Any CPU
	EndGlobalSection
	GlobalSection(ProjectConfigurationPlatforms) = postSolution
		{43327299-AF8E-4EDC-90F4-FD88C092CD33}.Debug|Any CPU.ActiveCfg = Debug|Any CPU
		{43327299-AF8E-4EDC-90F4-FD88C092CD33}.Debug|Any CPU.Build.0 = Debug|Any CPU
		{43327299-AF8E-4EDC-90F4-FD88C092CD33}.Release|Any CPU.ActiveCfg = Release|Any CPU
		{43327299-AF8E-4EDC-90F4-FD88C092CD33}.Release|Any CPU.Build.0 = Release|Any CPU
		{ECA95BCB-0BE3-4234-BEF4-1BF8D8652607}.Debug|Any CPU.ActiveCfg = Debug|Any CPU
		{ECA95BCB-0BE3-4234-BEF4-1BF8D8652607}.Debug|Any CPU.Build.0 = Debug|Any CPU
		{ECA95BCB-0BE3-4234-BEF4-1BF8D8652607}.Release|Any CPU.ActiveCfg = Release|Any CPU
		{ECA95BCB-0BE3-4234-BEF4-1BF8D8652607}.Release|Any CPU.Build.0 = Release|Any CPU
	EndGlobalSection
	GlobalSection(SolutionProperties) = preSolution
		HideSolutionNode = FALSE
	EndGlobalSection
	GlobalSection(ExtensibilityGlobals) = postSolution
		SolutionGuid = {D1DDE074-8A04-4924-A8ED-03C895762EF0}
	EndGlobalSection
EndGlobal
